
Microsoft Visual Studio Solution File, Format Version 12.00
# Visual Studio Version 17
VisualStudioVersion = 17.2.32616.157
MinimumVisualStudioVersion = 10.0.40219.1
Project("{9A19103F-16F7-4668-BE54-9A1E7A4F7556}") = "Auth", "Auth\Auth.csproj", "{4A873D64-100B-4090-87B4-AC4F2A4D6679}"
EndProject
Project("{9A19103F-16F7-4668-BE54-9A1E7A4F7556}") = "Notifications", "Notifications\Notifications.csproj", "{02A76BE5-1578-40BA-B795-E43099B14FDA}"
EndProject
Project("{9A19103F-16F7-4668-BE54-9A1E7A4F7556}") = "AdminPanel", "AdminPanel\AdminPanel.csproj", "{99F21DEA-586B-4A26-B722-6DB208409DBB}"
EndProject
Project("{9A19103F-16F7-4668-BE54-9A1E7A4F7556}") = "Backend.WebApi", "Backend\Backend.WebApi.csproj", "{FA80EB0B-ED25-44ED-834A-2BBEBC3879DF}"
EndProject
Project("{2150E333-8FDC-42A3-9474-1A3956D46DE8}") = "src", "src", "{6C1B35F8-81F2-4D61-AFEE-66F5E57922A7}"
EndProject
Project("{2150E333-8FDC-42A3-9474-1A3956D46DE8}") = "Auth", "Auth", "{81888386-8471-49F8-B8AD-97295F3E1BFD}"
EndProject
Project("{2150E333-8FDC-42A3-9474-1A3956D46DE8}") = "BackEnd", "BackEnd", "{981E1559-BD65-4E14-9409-527A809B11DA}"
EndProject
Project("{2150E333-8FDC-42A3-9474-1A3956D46DE8}") = "Notification", "Notification", "{4A995FE9-20D2-4A44-9C95-33D376D134BA}"
EndProject
Project("{2150E333-8FDC-42A3-9474-1A3956D46DE8}") = "Admin Panel", "Admin Panel", "{57062D5C-7D4E-424C-AEBD-4D346621210F}"
EndProject
Project("{9A19103F-16F7-4668-BE54-9A1E7A4F7556}") = "Backend.Domain", "Backend.Domain\Backend.Domain.csproj", "{76040F6F-35C3-4FD0-905C-B25C6C1C667A}"
EndProject
Project("{9A19103F-16F7-4668-BE54-9A1E7A4F7556}") = "Backend.Application", "Backend.Application\Backend.Application.csproj", "{5747AC14-7C6A-4E6C-80D7-B59DE6F56A4A}"
EndProject
Project("{9A19103F-16F7-4668-BE54-9A1E7A4F7556}") = "Backend.Infrastructure", "Backend.Infrastructure\Backend.Infrastructure.csproj", "{B2636D94-6AB8-48F8-8BA8-B64CCCE08295}"
EndProject
Project("{2150E333-8FDC-42A3-9474-1A3956D46DE8}") = "Core", "Core", "{866CA5BF-5446-4702-BE90-27CABFFF12CA}"
EndProject
Project("{2150E333-8FDC-42A3-9474-1A3956D46DE8}") = "Infrastructure", "Infrastructure", "{7E798840-98D7-4DBC-8F4E-31A396378234}"
EndProject
Project("{9A19103F-16F7-4668-BE54-9A1E7A4F7556}") = "Backend.Persistence", "Backend.Persistence\Backend.Persistence.csproj", "{BEF3DBA0-AFD8-4C4D-8D8E-487BCCBC2B7E}"
EndProject
Project("{2150E333-8FDC-42A3-9474-1A3956D46DE8}") = "Shared", "Shared", "{211C7198-8B53-416F-8459-5343FEA8CEFF}"
EndProject
Project("{FAE04EC0-301F-11D3-BF4B-00C04F79EFBC}") = "Backend.Shared", "Shared\Backend.Shared.csproj", "{14E6FE7D-3CE7-455E-A8AC-5EAAC36207A4}"
EndProject
Global
	GlobalSection(SolutionConfigurationPlatforms) = preSolution
		Debug|Any CPU = Debug|Any CPU
		Release|Any CPU = Release|Any CPU
	EndGlobalSection
	GlobalSection(ProjectConfigurationPlatforms) = postSolution
		{4A873D64-100B-4090-87B4-AC4F2A4D6679}.Debug|Any CPU.ActiveCfg = Debug|Any CPU
		{4A873D64-100B-4090-87B4-AC4F2A4D6679}.Debug|Any CPU.Build.0 = Debug|Any CPU
		{4A873D64-100B-4090-87B4-AC4F2A4D6679}.Release|Any CPU.ActiveCfg = Release|Any CPU
		{4A873D64-100B-4090-87B4-AC4F2A4D6679}.Release|Any CPU.Build.0 = Release|Any CPU
		{02A76BE5-1578-40BA-B795-E43099B14FDA}.Debug|Any CPU.ActiveCfg = Debug|Any CPU
		{02A76BE5-1578-40BA-B795-E43099B14FDA}.Debug|Any CPU.Build.0 = Debug|Any CPU
		{02A76BE5-1578-40BA-B795-E43099B14FDA}.Release|Any CPU.ActiveCfg = Release|Any CPU
		{02A76BE5-1578-40BA-B795-E43099B14FDA}.Release|Any CPU.Build.0 = Release|Any CPU
		{99F21DEA-586B-4A26-B722-6DB208409DBB}.Debug|Any CPU.ActiveCfg = Debug|Any CPU
		{99F21DEA-586B-4A26-B722-6DB208409DBB}.Debug|Any CPU.Build.0 = Debug|Any CPU
		{99F21DEA-586B-4A26-B722-6DB208409DBB}.Release|Any CPU.ActiveCfg = Release|Any CPU
		{99F21DEA-586B-4A26-B722-6DB208409DBB}.Release|Any CPU.Build.0 = Release|Any CPU
		{FA80EB0B-ED25-44ED-834A-2BBEBC3879DF}.Debug|Any CPU.ActiveCfg = Debug|Any CPU
		{FA80EB0B-ED25-44ED-834A-2BBEBC3879DF}.Debug|Any CPU.Build.0 = Debug|Any CPU
		{FA80EB0B-ED25-44ED-834A-2BBEBC3879DF}.Release|Any CPU.ActiveCfg = Release|Any CPU
		{FA80EB0B-ED25-44ED-834A-2BBEBC3879DF}.Release|Any CPU.Build.0 = Release|Any CPU
		{76040F6F-35C3-4FD0-905C-B25C6C1C667A}.Debug|Any CPU.ActiveCfg = Debug|Any CPU
		{76040F6F-35C3-4FD0-905C-B25C6C1C667A}.Debug|Any CPU.Build.0 = Debug|Any CPU
		{76040F6F-35C3-4FD0-905C-B25C6C1C667A}.Release|Any CPU.ActiveCfg = Release|Any CPU
		{76040F6F-35C3-4FD0-905C-B25C6C1C667A}.Release|Any CPU.Build.0 = Release|Any CPU
		{5747AC14-7C6A-4E6C-80D7-B59DE6F56A4A}.Debug|Any CPU.ActiveCfg = Debug|Any CPU
		{5747AC14-7C6A-4E6C-80D7-B59DE6F56A4A}.Debug|Any CPU.Build.0 = Debug|Any CPU
		{5747AC14-7C6A-4E6C-80D7-B59DE6F56A4A}.Release|Any CPU.ActiveCfg = Release|Any CPU
		{5747AC14-7C6A-4E6C-80D7-B59DE6F56A4A}.Release|Any CPU.Build.0 = Release|Any CPU
		{B2636D94-6AB8-48F8-8BA8-B64CCCE08295}.Debug|Any CPU.ActiveCfg = Debug|Any CPU
		{B2636D94-6AB8-48F8-8BA8-B64CCCE08295}.Debug|Any CPU.Build.0 = Debug|Any CPU
		{B2636D94-6AB8-48F8-8BA8-B64CCCE08295}.Release|Any CPU.ActiveCfg = Release|Any CPU
		{B2636D94-6AB8-48F8-8BA8-B64CCCE08295}.Release|Any CPU.Build.0 = Release|Any CPU
		{BEF3DBA0-AFD8-4C4D-8D8E-487BCCBC2B7E}.Debug|Any CPU.ActiveCfg = Debug|Any CPU
		{BEF3DBA0-AFD8-4C4D-8D8E-487BCCBC2B7E}.Debug|Any CPU.Build.0 = Debug|Any CPU
		{BEF3DBA0-AFD8-4C4D-8D8E-487BCCBC2B7E}.Release|Any CPU.ActiveCfg = Release|Any CPU
		{BEF3DBA0-AFD8-4C4D-8D8E-487BCCBC2B7E}.Release|Any CPU.Build.0 = Release|Any CPU
		{14E6FE7D-3CE7-455E-A8AC-5EAAC36207A4}.Debug|Any CPU.ActiveCfg = Debug|Any CPU
		{14E6FE7D-3CE7-455E-A8AC-5EAAC36207A4}.Debug|Any CPU.Build.0 = Debug|Any CPU
		{14E6FE7D-3CE7-455E-A8AC-5EAAC36207A4}.Release|Any CPU.ActiveCfg = Release|Any CPU
		{14E6FE7D-3CE7-455E-A8AC-5EAAC36207A4}.Release|Any CPU.Build.0 = Release|Any CPU
	EndGlobalSection
	GlobalSection(SolutionProperties) = preSolution
		HideSolutionNode = FALSE
	EndGlobalSection
	GlobalSection(NestedProjects) = preSolution
		{4A873D64-100B-4090-87B4-AC4F2A4D6679} = {81888386-8471-49F8-B8AD-97295F3E1BFD}
		{02A76BE5-1578-40BA-B795-E43099B14FDA} = {4A995FE9-20D2-4A44-9C95-33D376D134BA}
		{99F21DEA-586B-4A26-B722-6DB208409DBB} = {57062D5C-7D4E-424C-AEBD-4D346621210F}
		{FA80EB0B-ED25-44ED-834A-2BBEBC3879DF} = {981E1559-BD65-4E14-9409-527A809B11DA}
		{81888386-8471-49F8-B8AD-97295F3E1BFD} = {6C1B35F8-81F2-4D61-AFEE-66F5E57922A7}
		{981E1559-BD65-4E14-9409-527A809B11DA} = {6C1B35F8-81F2-4D61-AFEE-66F5E57922A7}
		{4A995FE9-20D2-4A44-9C95-33D376D134BA} = {6C1B35F8-81F2-4D61-AFEE-66F5E57922A7}
		{57062D5C-7D4E-424C-AEBD-4D346621210F} = {6C1B35F8-81F2-4D61-AFEE-66F5E57922A7}
		{76040F6F-35C3-4FD0-905C-B25C6C1C667A} = {866CA5BF-5446-4702-BE90-27CABFFF12CA}
		{5747AC14-7C6A-4E6C-80D7-B59DE6F56A4A} = {866CA5BF-5446-4702-BE90-27CABFFF12CA}
		{B2636D94-6AB8-48F8-8BA8-B64CCCE08295} = {7E798840-98D7-4DBC-8F4E-31A396378234}
		{866CA5BF-5446-4702-BE90-27CABFFF12CA} = {981E1559-BD65-4E14-9409-527A809B11DA}
		{7E798840-98D7-4DBC-8F4E-31A396378234} = {981E1559-BD65-4E14-9409-527A809B11DA}
		{BEF3DBA0-AFD8-4C4D-8D8E-487BCCBC2B7E} = {7E798840-98D7-4DBC-8F4E-31A396378234}
		{211C7198-8B53-416F-8459-5343FEA8CEFF} = {981E1559-BD65-4E14-9409-527A809B11DA}
		{14E6FE7D-3CE7-455E-A8AC-5EAAC36207A4} = {211C7198-8B53-416F-8459-5343FEA8CEFF}
	EndGlobalSection
	GlobalSection(ExtensibilityGlobals) = postSolution
		SolutionGuid = {ED3EC448-7F11-4F8D-A014-9ABF4E2B4931}
	EndGlobalSection
EndGlobal
