
Microsoft Visual Studio Solution File, Format Version 12.00
# Visual Studio Version 17
VisualStudioVersion = 17.2.32616.157
MinimumVisualStudioVersion = 10.0.40219.1
Project("{9A19103F-16F7-4668-BE54-9A1E7A4F7556}") = "Auth", "Auth\Auth.csproj", "{4A873D64-100B-4090-87B4-AC4F2A4D6679}"
EndProject
Project("{9A19103F-16F7-4668-BE54-9A1E7A4F7556}") = "Notifications", "Notifications\Notifications.csproj", "{02A76BE5-1578-40BA-B795-E43099B14FDA}"
EndProject
Project("{9A19103F-16F7-4668-BE54-9A1E7A4F7556}") = "AdminPanel", "AdminPanel\AdminPanel.csproj", "{99F21DEA-586B-4A26-B722-6DB208409DBB}"
EndProject
Project("{9A19103F-16F7-4668-BE54-9A1E7A4F7556}") = "Backend", "Backend\Backend.csproj", "{FA80EB0B-ED25-44ED-834A-2BBEBC3879DF}"
EndProject
Global
	GlobalSection(SolutionConfigurationPlatforms) = preSolution
		Debug|Any CPU = Debug|Any CPU
		Release|Any CPU = Release|Any CPU
	EndGlobalSection
	GlobalSection(ProjectConfigurationPlatforms) = postSolution
		{4A873D64-100B-4090-87B4-AC4F2A4D6679}.Debug|Any CPU.ActiveCfg = Debug|Any CPU
		{4A873D64-100B-4090-87B4-AC4F2A4D6679}.Debug|Any CPU.Build.0 = Debug|Any CPU
		{4A873D64-100B-4090-87B4-AC4F2A4D6679}.Release|Any CPU.ActiveCfg = Release|Any CPU
		{4A873D64-100B-4090-87B4-AC4F2A4D6679}.Release|Any CPU.Build.0 = Release|Any CPU
		{02A76BE5-1578-40BA-B795-E43099B14FDA}.Debug|Any CPU.ActiveCfg = Debug|Any CPU
		{02A76BE5-1578-40BA-B795-E43099B14FDA}.Debug|Any CPU.Build.0 = Debug|Any CPU
		{02A76BE5-1578-40BA-B795-E43099B14FDA}.Release|Any CPU.ActiveCfg = Release|Any CPU
		{02A76BE5-1578-40BA-B795-E43099B14FDA}.Release|Any CPU.Build.0 = Release|Any CPU
		{99F21DEA-586B-4A26-B722-6DB208409DBB}.Debug|Any CPU.ActiveCfg = Debug|Any CPU
		{99F21DEA-586B-4A26-B722-6DB208409DBB}.Debug|Any CPU.Build.0 = Debug|Any CPU
		{99F21DEA-586B-4A26-B722-6DB208409DBB}.Release|Any CPU.ActiveCfg = Release|Any CPU
		{99F21DEA-586B-4A26-B722-6DB208409DBB}.Release|Any CPU.Build.0 = Release|Any CPU
		{FA80EB0B-ED25-44ED-834A-2BBEBC3879DF}.Debug|Any CPU.ActiveCfg = Debug|Any CPU
		{FA80EB0B-ED25-44ED-834A-2BBEBC3879DF}.Debug|Any CPU.Build.0 = Debug|Any CPU
		{FA80EB0B-ED25-44ED-834A-2BBEBC3879DF}.Release|Any CPU.ActiveCfg = Release|Any CPU
		{FA80EB0B-ED25-44ED-834A-2BBEBC3879DF}.Release|Any CPU.Build.0 = Release|Any CPU
	EndGlobalSection
	GlobalSection(SolutionProperties) = preSolution
		HideSolutionNode = FALSE
	EndGlobalSection
	GlobalSection(ExtensibilityGlobals) = postSolution
		SolutionGuid = {ED3EC448-7F11-4F8D-A014-9ABF4E2B4931}
	EndGlobalSection
EndGlobal
